
Microsoft Visual Studio Solution File, Format Version 10.00
# Visual Studio 2008
Project("{8BC9CEB8-8B4A-11D0-8D11-00A0C91BC942}") = "Quall", "Quall\Quall.vcproj", "{210696E4-AD64-4C44-96D1-8C7A919D9B97}"
EndProject
Project("{8BC9CEB8-8B4A-11D0-8D11-00A0C91BC942}") = "Parser", "Parser\Parser.vcproj", "{D37FE1DB-F6E1-46CB-B384-8A9E7D01BAF0}"
EndProject
Global
	GlobalSection(SolutionConfigurationPlatforms) = preSolution
		Debug|Win32 = Debug|Win32
		Release|Win32 = Release|Win32
	EndGlobalSection
	GlobalSection(ProjectConfigurationPlatforms) = postSolution
		{210696E4-AD64-4C44-96D1-8C7A919D9B97}.Debug|Win32.ActiveCfg = Debug|Win32
		{210696E4-AD64-4C44-96D1-8C7A919D9B97}.Debug|Win32.Build.0 = Debug|Win32
		{210696E4-AD64-4C44-96D1-8C7A919D9B97}.Release|Win32.ActiveCfg = Release|Win32
		{210696E4-AD64-4C44-96D1-8C7A919D9B97}.Release|Win32.Build.0 = Release|Win32
		{D37FE1DB-F6E1-46CB-B384-8A9E7D01BAF0}.Debug|Win32.ActiveCfg = Debug|Win32
		{D37FE1DB-F6E1-46CB-B384-8A9E7D01BAF0}.Debug|Win32.Build.0 = Debug|Win32
		{D37FE1DB-F6E1-46CB-B384-8A9E7D01BAF0}.Release|Win32.ActiveCfg = Release|Win32
		{D37FE1DB-F6E1-46CB-B384-8A9E7D01BAF0}.Release|Win32.Build.0 = Release|Win32
	EndGlobalSection
	GlobalSection(SolutionProperties) = preSolution
		HideSolutionNode = FALSE
	EndGlobalSection
EndGlobal
